
Microsoft Visual Studio Solution File, Format Version 12.00
# Visual Studio Version 17
VisualStudioVersion = 17.9.34622.214
MinimumVisualStudioVersion = 10.0.40219.1
Project("{FAE04EC0-301F-11D3-BF4B-00C04F79EFBC}") = "School", "School.csproj", "{A9952A79-9423-4625-BE72-AE1F1E526925}"
EndProject
Project("{9A19103F-16F7-4668-BE54-9A1E7A4F7556}") = "DataAccessLayer", "..\DataAccessLayer\DataAccessLayer.csproj", "{17146BB4-FA0B-4434-BE0A-D2AE887C1B17}"
EndProject
Project("{9A19103F-16F7-4668-BE54-9A1E7A4F7556}") = "MobileAPI", "..\MobileAPI\MobileAPI.csproj", "{49399043-3960-4E06-8250-D9A4C61F4982}"
EndProject
Global
	GlobalSection(SolutionConfigurationPlatforms) = preSolution
		Debug|Any CPU = Debug|Any CPU
		Release|Any CPU = Release|Any CPU
	EndGlobalSection
	GlobalSection(ProjectConfigurationPlatforms) = postSolution
		{A9952A79-9423-4625-BE72-AE1F1E526925}.Debug|Any CPU.ActiveCfg = Debug|Any CPU
		{A9952A79-9423-4625-BE72-AE1F1E526925}.Debug|Any CPU.Build.0 = Debug|Any CPU
		{A9952A79-9423-4625-BE72-AE1F1E526925}.Release|Any CPU.ActiveCfg = Release|Any CPU
		{A9952A79-9423-4625-BE72-AE1F1E526925}.Release|Any CPU.Build.0 = Release|Any CPU
		{17146BB4-FA0B-4434-BE0A-D2AE887C1B17}.Debug|Any CPU.ActiveCfg = Debug|Any CPU
		{17146BB4-FA0B-4434-BE0A-D2AE887C1B17}.Debug|Any CPU.Build.0 = Debug|Any CPU
		{17146BB4-FA0B-4434-BE0A-D2AE887C1B17}.Release|Any CPU.ActiveCfg = Release|Any CPU
		{17146BB4-FA0B-4434-BE0A-D2AE887C1B17}.Release|Any CPU.Build.0 = Release|Any CPU
		{49399043-3960-4E06-8250-D9A4C61F4982}.Debug|Any CPU.ActiveCfg = Debug|Any CPU
		{49399043-3960-4E06-8250-D9A4C61F4982}.Debug|Any CPU.Build.0 = Debug|Any CPU
		{49399043-3960-4E06-8250-D9A4C61F4982}.Release|Any CPU.ActiveCfg = Release|Any CPU
		{49399043-3960-4E06-8250-D9A4C61F4982}.Release|Any CPU.Build.0 = Release|Any CPU
	EndGlobalSection
	GlobalSection(SolutionProperties) = preSolution
		HideSolutionNode = FALSE
	EndGlobalSection
	GlobalSection(ExtensibilityGlobals) = postSolution
		SolutionGuid = {61987E25-8CC6-4B88-90B9-51F49F6A510C}
	EndGlobalSection
EndGlobal
